
Microsoft Visual Studio Solution File, Format Version 12.00
# Visual Studio Version 16
VisualStudioVersion = 16.0.31613.86
MinimumVisualStudioVersion = 10.0.40219.1
Project("{FAE04EC0-301F-11D3-BF4B-00C04F79EFBC}") = "SalesWebMvc", "SalesWebMvc\SalesWebMvc.csproj", "{58866B46-103C-46C1-BA8C-9C32B6BDCF1E}"
EndProject
Global
	GlobalSection(SolutionConfigurationPlatforms) = preSolution
		Debug|Any CPU = Debug|Any CPU
		Release|Any CPU = Release|Any CPU
	EndGlobalSection
	GlobalSection(ProjectConfigurationPlatforms) = postSolution
		{58866B46-103C-46C1-BA8C-9C32B6BDCF1E}.Debug|Any CPU.ActiveCfg = Debug|Any CPU
		{58866B46-103C-46C1-BA8C-9C32B6BDCF1E}.Debug|Any CPU.Build.0 = Debug|Any CPU
		{58866B46-103C-46C1-BA8C-9C32B6BDCF1E}.Release|Any CPU.ActiveCfg = Release|Any CPU
		{58866B46-103C-46C1-BA8C-9C32B6BDCF1E}.Release|Any CPU.Build.0 = Release|Any CPU
	EndGlobalSection
	GlobalSection(SolutionProperties) = preSolution
		HideSolutionNode = FALSE
	EndGlobalSection
	GlobalSection(ExtensibilityGlobals) = postSolution
		SolutionGuid = {B9D5D954-D81B-48F1-AA81-697CD92E7DF0}
	EndGlobalSection
EndGlobal
